
Microsoft Visual Studio Solution File, Format Version 12.00
# Visual Studio 15
VisualStudioVersion = 15.0.27130.2024
MinimumVisualStudioVersion = 10.0.40219.1
Project("{8BC9CEB8-8B4A-11D0-8D11-00A0C91BC942}") = "snakeAndLadder", "snakeAndLadder\snakeAndLadder.vcxproj", "{C5920F5C-7534-4D92-8C3E-080EEA89B096}"
EndProject
Project("{8BC9CEB8-8B4A-11D0-8D11-00A0C91BC942}") = "snake_geeksforGeeks", "snake_geeksforGeeks\snake_geeksforGeeks.vcxproj", "{BD2561D4-4B8C-4117-BFE3-06855BAA9176}"
EndProject
Global
	GlobalSection(SolutionConfigurationPlatforms) = preSolution
		Debug|x64 = Debug|x64
		Debug|x86 = Debug|x86
		Release|x64 = Release|x64
		Release|x86 = Release|x86
	EndGlobalSection
	GlobalSection(ProjectConfigurationPlatforms) = postSolution
		{C5920F5C-7534-4D92-8C3E-080EEA89B096}.Debug|x64.ActiveCfg = Debug|x64
		{C5920F5C-7534-4D92-8C3E-080EEA89B096}.Debug|x64.Build.0 = Debug|x64
		{C5920F5C-7534-4D92-8C3E-080EEA89B096}.Debug|x86.ActiveCfg = Debug|Win32
		{C5920F5C-7534-4D92-8C3E-080EEA89B096}.Debug|x86.Build.0 = Debug|Win32
		{C5920F5C-7534-4D92-8C3E-080EEA89B096}.Release|x64.ActiveCfg = Release|x64
		{C5920F5C-7534-4D92-8C3E-080EEA89B096}.Release|x64.Build.0 = Release|x64
		{C5920F5C-7534-4D92-8C3E-080EEA89B096}.Release|x86.ActiveCfg = Release|Win32
		{C5920F5C-7534-4D92-8C3E-080EEA89B096}.Release|x86.Build.0 = Release|Win32
		{BD2561D4-4B8C-4117-BFE3-06855BAA9176}.Debug|x64.ActiveCfg = Debug|x64
		{BD2561D4-4B8C-4117-BFE3-06855BAA9176}.Debug|x64.Build.0 = Debug|x64
		{BD2561D4-4B8C-4117-BFE3-06855BAA9176}.Debug|x86.ActiveCfg = Debug|Win32
		{BD2561D4-4B8C-4117-BFE3-06855BAA9176}.Debug|x86.Build.0 = Debug|Win32
		{BD2561D4-4B8C-4117-BFE3-06855BAA9176}.Release|x64.ActiveCfg = Release|x64
		{BD2561D4-4B8C-4117-BFE3-06855BAA9176}.Release|x64.Build.0 = Release|x64
		{BD2561D4-4B8C-4117-BFE3-06855BAA9176}.Release|x86.ActiveCfg = Release|Win32
		{BD2561D4-4B8C-4117-BFE3-06855BAA9176}.Release|x86.Build.0 = Release|Win32
	EndGlobalSection
	GlobalSection(SolutionProperties) = preSolution
		HideSolutionNode = FALSE
	EndGlobalSection
	GlobalSection(ExtensibilityGlobals) = postSolution
		SolutionGuid = {C352C77C-BA91-4F69-B094-80D609102EAA}
	EndGlobalSection
EndGlobal
