
Microsoft Visual Studio Solution File, Format Version 12.00
# Visual Studio 15
VisualStudioVersion = 15.0.27130.2027
MinimumVisualStudioVersion = 10.0.40219.1
Project("{8BC9CEB8-8B4A-11D0-8D11-00A0C91BC942}") = "Knapsack", "Knapsack\Knapsack.vcxproj", "{23D7B313-4756-4922-9AF0-ABC395361669}"
EndProject
Project("{8BC9CEB8-8B4A-11D0-8D11-00A0C91BC942}") = "LongestSubsequence", "LongestSubsequence\LongestSubsequence.vcxproj", "{F145F4A3-E501-40DB-859C-FF2765CF19EB}"
EndProject
Global
	GlobalSection(SolutionConfigurationPlatforms) = preSolution
		Debug|x64 = Debug|x64
		Debug|x86 = Debug|x86
		Release|x64 = Release|x64
		Release|x86 = Release|x86
	EndGlobalSection
	GlobalSection(ProjectConfigurationPlatforms) = postSolution
		{23D7B313-4756-4922-9AF0-ABC395361669}.Debug|x64.ActiveCfg = Debug|x64
		{23D7B313-4756-4922-9AF0-ABC395361669}.Debug|x64.Build.0 = Debug|x64
		{23D7B313-4756-4922-9AF0-ABC395361669}.Debug|x86.ActiveCfg = Debug|Win32
		{23D7B313-4756-4922-9AF0-ABC395361669}.Debug|x86.Build.0 = Debug|Win32
		{23D7B313-4756-4922-9AF0-ABC395361669}.Release|x64.ActiveCfg = Release|x64
		{23D7B313-4756-4922-9AF0-ABC395361669}.Release|x64.Build.0 = Release|x64
		{23D7B313-4756-4922-9AF0-ABC395361669}.Release|x86.ActiveCfg = Release|Win32
		{23D7B313-4756-4922-9AF0-ABC395361669}.Release|x86.Build.0 = Release|Win32
		{F145F4A3-E501-40DB-859C-FF2765CF19EB}.Debug|x64.ActiveCfg = Debug|x64
		{F145F4A3-E501-40DB-859C-FF2765CF19EB}.Debug|x64.Build.0 = Debug|x64
		{F145F4A3-E501-40DB-859C-FF2765CF19EB}.Debug|x86.ActiveCfg = Debug|Win32
		{F145F4A3-E501-40DB-859C-FF2765CF19EB}.Debug|x86.Build.0 = Debug|Win32
		{F145F4A3-E501-40DB-859C-FF2765CF19EB}.Release|x64.ActiveCfg = Release|x64
		{F145F4A3-E501-40DB-859C-FF2765CF19EB}.Release|x64.Build.0 = Release|x64
		{F145F4A3-E501-40DB-859C-FF2765CF19EB}.Release|x86.ActiveCfg = Release|Win32
		{F145F4A3-E501-40DB-859C-FF2765CF19EB}.Release|x86.Build.0 = Release|Win32
	EndGlobalSection
	GlobalSection(SolutionProperties) = preSolution
		HideSolutionNode = FALSE
	EndGlobalSection
	GlobalSection(ExtensibilityGlobals) = postSolution
		SolutionGuid = {40EEA6EE-98AD-46DF-B94A-416D6E9F8E9A}
	EndGlobalSection
EndGlobal
